Microsoft Visual Studio Solution File, Format Version 11.00
# Visual Studio 2008

Project("{0714D5CD-E1BA-E39E-90E8-FD5B92190B05}") = "Ancient Technology", "Assembly-CSharp.csproj", "{88E50B25-F4BD-CB01-BC58-00E4287734F0}"
EndProject
Global
	GlobalSection(SolutionConfigurationPlatforms) = preSolution
		Debug|Any CPU = Debug|Any CPU
		Release|Any CPU = Release|Any CPU
	EndGlobalSection
	GlobalSection(ProjectConfigurationPlatforms) = postSolution
		{88E50B25-F4BD-CB01-BC58-00E4287734F0}.Debug|Any CPU.ActiveCfg = Debug|Any CPU
		{88E50B25-F4BD-CB01-BC58-00E4287734F0}.Debug|Any CPU.Build.0 = Debug|Any CPU
		{88E50B25-F4BD-CB01-BC58-00E4287734F0}.Release|Any CPU.ActiveCfg = Release|Any CPU
		{88E50B25-F4BD-CB01-BC58-00E4287734F0}.Release|Any CPU.Build.0 = Release|Any CPU
	EndGlobalSection
	GlobalSection(SolutionProperties) = preSolution
		HideSolutionNode = FALSE
	EndGlobalSection
	GlobalSection(MonoDevelopProperties) = preSolution
		StartupItem = Assembly-CSharp.csproj
	EndGlobalSection
EndGlobal
